
Microsoft Visual Studio Solution File, Format Version 12.00
# Visual Studio 15
VisualStudioVersion = 15.0.27130.2024
MinimumVisualStudioVersion = 10.0.40219.1
Project("{FAE04EC0-301F-11D3-BF4B-00C04F79EFBC}") = "Hover", "Hover\Hover.csproj", "{BD8135E5-AC3C-4552-8F41-393169BA7CEF}"
EndProject
Global
	GlobalSection(SolutionConfigurationPlatforms) = preSolution
		Debug|Any CPU = Debug|Any CPU
		Release|Any CPU = Release|Any CPU
	EndGlobalSection
	GlobalSection(ProjectConfigurationPlatforms) = postSolution
		{BD8135E5-AC3C-4552-8F41-393169BA7CEF}.Debug|Any CPU.ActiveCfg = Debug|Any CPU
		{BD8135E5-AC3C-4552-8F41-393169BA7CEF}.Debug|Any CPU.Build.0 = Debug|Any CPU
		{BD8135E5-AC3C-4552-8F41-393169BA7CEF}.Release|Any CPU.ActiveCfg = Release|Any CPU
		{BD8135E5-AC3C-4552-8F41-393169BA7CEF}.Release|Any CPU.Build.0 = Release|Any CPU
	EndGlobalSection
	GlobalSection(SolutionProperties) = preSolution
		HideSolutionNode = FALSE
	EndGlobalSection
	GlobalSection(ExtensibilityGlobals) = postSolution
		SolutionGuid = {6F95E964-64C4-4196-A207-6FD2A40CD005}
	EndGlobalSection
EndGlobal
